
Microsoft Visual Studio Solution File, Format Version 12.00
# Visual Studio Version 17
VisualStudioVersion = 17.9.34622.214
MinimumVisualStudioVersion = 10.0.40219.1
Project("{FAE04EC0-301F-11D3-BF4B-00C04F79EFBC}") = "LosoweDefinicje", "LosoweDefinicje\LosoweDefinicje.csproj", "{960C8540-C334-4E6B-9BBF-03780513270A}"
EndProject
Global
	GlobalSection(SolutionConfigurationPlatforms) = preSolution
		Debug|Any CPU = Debug|Any CPU
		Release|Any CPU = Release|Any CPU
	EndGlobalSection
	GlobalSection(ProjectConfigurationPlatforms) = postSolution
		{960C8540-C334-4E6B-9BBF-03780513270A}.Debug|Any CPU.ActiveCfg = Debug|Any CPU
		{960C8540-C334-4E6B-9BBF-03780513270A}.Debug|Any CPU.Build.0 = Debug|Any CPU
		{960C8540-C334-4E6B-9BBF-03780513270A}.Release|Any CPU.ActiveCfg = Release|Any CPU
		{960C8540-C334-4E6B-9BBF-03780513270A}.Release|Any CPU.Build.0 = Release|Any CPU
	EndGlobalSection
	GlobalSection(SolutionProperties) = preSolution
		HideSolutionNode = FALSE
	EndGlobalSection
	GlobalSection(ExtensibilityGlobals) = postSolution
		SolutionGuid = {45C112C7-278C-4FD2-9271-ED5D10526BA9}
	EndGlobalSection
EndGlobal
